# THIS IS AN AUTOGENERATED FILE. DO NOT EDIT THIS FILE DIRECTLY.
# yarn lockfile v1


google-libphonenumber@^3.2.20:
  version "3.2.20"
  resolved "https://registry.yarnpkg.com/google-libphonenumber/-/google-libphonenumber-3.2.20.tgz#f25e1b9170e7d785bee0387cf3d4111645b58bd5"
  integrity sha512-8FANvW/lLTeXMk5M/OvhrtvJHM+IhTspMqz/5vmsw9joOwe42tvPST2mV7pKH4S8zPSbxl1sODD9hkssHL0Ocw==
