# THIS IS AN AUTOGENERATED FILE. DO NOT EDIT THIS FILE DIRECTLY.
# yarn lockfile v1


google-libphonenumber@^3.2.2:
  version "3.2.15"
  resolved "https://registry.yarnpkg.com/google-libphonenumber/-/google-libphonenumber-3.2.15.tgz#3a01dc554dbf83c754f249c16df3605e5d154bb9"
  integrity sha512-tbCIuzMoH34RdrbFRw5kijAZn/p6JMQvsgtr1glg2ugbwqrMPlOL8pHNK8cyGo9B6SXpcMm4hdyDqwomR+HPRg==
