# THIS IS AN AUTOGENERATED FILE. DO NOT EDIT THIS FILE DIRECTLY.
# yarn lockfile v1


google-libphonenumber@^3.2.2:
  version "3.2.7"
  resolved "https://registry.yarnpkg.com/google-libphonenumber/-/google-libphonenumber-3.2.7.tgz#1a8d790206631cd9a56a0f79dc4aa086e17b6f5b"
  integrity sha512-8Es+gIaGoBddq/tqegG52iuzHOV+VU+de2mvkIOVlDkg/bnJlNdVZcof6iMPChy9Dte+si7BJeDaaueBtFoV6Q==
